
Microsoft Visual Studio Solution File, Format Version 12.00
# Visual Studio Version 17
VisualStudioVersion = 17.7.34202.233
MinimumVisualStudioVersion = 10.0.40219.1
Project("{FAE04EC0-301F-11D3-BF4B-00C04F79EFBC}") = "CSC 317 Back End Challenge 01 Solution", "CSC 317 Back End Challenge 01 Solution\CSC 317 Back End Challenge 01 Solution.csproj", "{4FB16981-78B2-49CD-AA24-C039DFEA1450}"
EndProject
Global
	GlobalSection(SolutionConfigurationPlatforms) = preSolution
		Debug|Any CPU = Debug|Any CPU
		Release|Any CPU = Release|Any CPU
	EndGlobalSection
	GlobalSection(ProjectConfigurationPlatforms) = postSolution
		{4FB16981-78B2-49CD-AA24-C039DFEA1450}.Debug|Any CPU.ActiveCfg = Debug|Any CPU
		{4FB16981-78B2-49CD-AA24-C039DFEA1450}.Debug|Any CPU.Build.0 = Debug|Any CPU
		{4FB16981-78B2-49CD-AA24-C039DFEA1450}.Debug|Any CPU.Deploy.0 = Debug|Any CPU
		{4FB16981-78B2-49CD-AA24-C039DFEA1450}.Release|Any CPU.ActiveCfg = Release|Any CPU
		{4FB16981-78B2-49CD-AA24-C039DFEA1450}.Release|Any CPU.Build.0 = Release|Any CPU
		{4FB16981-78B2-49CD-AA24-C039DFEA1450}.Release|Any CPU.Deploy.0 = Release|Any CPU
	EndGlobalSection
	GlobalSection(SolutionProperties) = preSolution
		HideSolutionNode = FALSE
	EndGlobalSection
	GlobalSection(ExtensibilityGlobals) = postSolution
		SolutionGuid = {917A28F0-551D-400D-B4B6-30F5287F5E37}
	EndGlobalSection
EndGlobal
